
Microsoft Visual Studio Solution File, Format Version 12.00
# Visual Studio Version 16
VisualStudioVersion = 16.0.30413.136
MinimumVisualStudioVersion = 10.0.40219.1
Project("{FAE04EC0-301F-11D3-BF4B-00C04F79EFBC}") = "SAEConverter", "SAEConverter\SAEConverter.csproj", "{746AC8FD-9E70-4BD5-BD50-05AE2A10EE0E}"
EndProject
Global
	GlobalSection(SolutionConfigurationPlatforms) = preSolution
		Debug|Any CPU = Debug|Any CPU
		Release|Any CPU = Release|Any CPU
	EndGlobalSection
	GlobalSection(ProjectConfigurationPlatforms) = postSolution
		{746AC8FD-9E70-4BD5-BD50-05AE2A10EE0E}.Debug|Any CPU.ActiveCfg = Debug|Any CPU
		{746AC8FD-9E70-4BD5-BD50-05AE2A10EE0E}.Debug|Any CPU.Build.0 = Debug|Any CPU
		{746AC8FD-9E70-4BD5-BD50-05AE2A10EE0E}.Release|Any CPU.ActiveCfg = Release|Any CPU
		{746AC8FD-9E70-4BD5-BD50-05AE2A10EE0E}.Release|Any CPU.Build.0 = Release|Any CPU
	EndGlobalSection
	GlobalSection(SolutionProperties) = preSolution
		HideSolutionNode = FALSE
	EndGlobalSection
	GlobalSection(ExtensibilityGlobals) = postSolution
		SolutionGuid = {2EC1A53A-4595-476D-AF72-2B492D8E6AF2}
	EndGlobalSection
EndGlobal
