
Microsoft Visual Studio Solution File, Format Version 12.00
# Visual Studio Version 16
VisualStudioVersion = 16.0.30503.244
MinimumVisualStudioVersion = 10.0.40219.1
Project("{FAE04EC0-301F-11D3-BF4B-00C04F79EFBC}") = "DiceGame", "Project4\DiceGame.csproj", "{6DDE20F6-D60E-47A9-BEA7-0A8757BD876F}"
EndProject
Global
	GlobalSection(SolutionConfigurationPlatforms) = preSolution
		Debug|Any CPU = Debug|Any CPU
		Release|Any CPU = Release|Any CPU
	EndGlobalSection
	GlobalSection(ProjectConfigurationPlatforms) = postSolution
		{6DDE20F6-D60E-47A9-BEA7-0A8757BD876F}.Debug|Any CPU.ActiveCfg = Debug|Any CPU
		{6DDE20F6-D60E-47A9-BEA7-0A8757BD876F}.Debug|Any CPU.Build.0 = Debug|Any CPU
		{6DDE20F6-D60E-47A9-BEA7-0A8757BD876F}.Release|Any CPU.ActiveCfg = Release|Any CPU
		{6DDE20F6-D60E-47A9-BEA7-0A8757BD876F}.Release|Any CPU.Build.0 = Release|Any CPU
	EndGlobalSection
	GlobalSection(SolutionProperties) = preSolution
		HideSolutionNode = FALSE
	EndGlobalSection
	GlobalSection(ExtensibilityGlobals) = postSolution
		SolutionGuid = {D765B07C-08FA-4DA9-9662-B9A7DF85660A}
	EndGlobalSection
EndGlobal
